
Microsoft Visual Studio Solution File, Format Version 12.00
# Visual Studio Version 17
VisualStudioVersion = 17.0.31903.59
MinimumVisualStudioVersion = 10.0.40219.1
Project("{2150E333-8FDC-42A3-9474-1A3956D46DE8}") = "src", "src", "{827E0CD3-B72D-47B6-A68D-7590B98EB39B}"
EndProject
Project("{FAE04EC0-301F-11D3-BF4B-00C04F79EFBC}") = "RideAudit.Protos", "src\RideAudit.Protos\RideAudit.Protos.csproj", "{80E2A55E-864D-49DC-AB7C-19D80F62A986}"
EndProject
Project("{FAE04EC0-301F-11D3-BF4B-00C04F79EFBC}") = "RideAudit.Contracts", "src\RideAudit.Contracts\RideAudit.Contracts.csproj", "{92F8F807-ABC1-4E70-B101-A0227AB9301D}"
EndProject
Project("{FAE04EC0-301F-11D3-BF4B-00C04F79EFBC}") = "RideAudit.Attest", "src\RideAudit.Attest\RideAudit.Attest.csproj", "{9F1CF800-F410-45E9-92A4-75524CBEA92D}"
EndProject
Project("{FAE04EC0-301F-11D3-BF4B-00C04F79EFBC}") = "RideAudit.Seal", "src\RideAudit.Seal\RideAudit.Seal.csproj", "{09214A52-75A8-4349-BDE0-455406BCEC5C}"
EndProject
Project("{FAE04EC0-301F-11D3-BF4B-00C04F79EFBC}") = "RideAudit.Chain", "src\RideAudit.Chain\RideAudit.Chain.csproj", "{9FBAACED-A9FC-4158-BE0D-F759345F443A}"
EndProject
Project("{FAE04EC0-301F-11D3-BF4B-00C04F79EFBC}") = "RideAudit.Chain.OpenTimestamps", "src\RideAudit.Chain.OpenTimestamps\RideAudit.Chain.OpenTimestamps.csproj", "{3C3D161D-EF2C-4695-9BC4-15D634E79CF2}"
EndProject
Project("{FAE04EC0-301F-11D3-BF4B-00C04F79EFBC}") = "RideAudit.Chain.EthL2", "src\RideAudit.Chain.EthL2\RideAudit.Chain.EthL2.csproj", "{3B8D8640-A526-4070-82CA-7C58F165EF46}"
EndProject
Project("{FAE04EC0-301F-11D3-BF4B-00C04F79EFBC}") = "RideAudit.Escrow", "src\RideAudit.Escrow\RideAudit.Escrow.csproj", "{48D522F2-209B-4DBE-BE8D-9B00ABCD74A2}"
EndProject
Project("{FAE04EC0-301F-11D3-BF4B-00C04F79EFBC}") = "RideAudit.Sec", "src\RideAudit.Sec\RideAudit.Sec.csproj", "{DBFAF4E2-8B41-4122-AE5E-EAD790AE30F6}"
EndProject
Project("{FAE04EC0-301F-11D3-BF4B-00C04F79EFBC}") = "RideAudit.Server.Identity", "src\RideAudit.Server.Identity\RideAudit.Server.Identity.csproj", "{E5EAF896-B479-42BA-AE06-9C3224FB017A}"
EndProject
Project("{FAE04EC0-301F-11D3-BF4B-00C04F79EFBC}") = "RideAudit.Server.Admission", "src\RideAudit.Server.Admission\RideAudit.Server.Admission.csproj", "{44E343D8-FBA5-4CC8-8EAA-6829722C94D9}"
EndProject
Project("{FAE04EC0-301F-11D3-BF4B-00C04F79EFBC}") = "RideAudit.Server.Counsel", "src\RideAudit.Server.Counsel\RideAudit.Server.Counsel.csproj", "{20936D05-FEAA-4699-8E70-3C7C4DCD9702}"
EndProject
Project("{FAE04EC0-301F-11D3-BF4B-00C04F79EFBC}") = "RideAudit.Anal", "src\RideAudit.Anal\RideAudit.Anal.csproj", "{8731BBAE-E58B-4C9C-89E2-90EABAFB09FE}"
EndProject
Project("{FAE04EC0-301F-11D3-BF4B-00C04F79EFBC}") = "RideAudit.Ingest", "src\RideAudit.Ingest\RideAudit.Ingest.csproj", "{62C36440-6CEE-4B51-86DA-17A18BA848EA}"
EndProject
Project("{FAE04EC0-301F-11D3-BF4B-00C04F79EFBC}") = "RideAudit.Privacy", "src\RideAudit.Privacy\RideAudit.Privacy.csproj", "{26076238-45EE-484A-844A-2ECB973FCBE4}"
EndProject
Project("{2150E333-8FDC-42A3-9474-1A3956D46DE8}") = "tests", "tests", "{0AB3BF05-4346-4AA6-1389-037BE0695223}"
EndProject
Project("{FAE04EC0-301F-11D3-BF4B-00C04F79EFBC}") = "RideAudit.TestSupport", "tests\RideAudit.TestSupport\RideAudit.TestSupport.csproj", "{358F69EC-F17C-4765-8F38-E69E109F16E5}"
EndProject
Project("{FAE04EC0-301F-11D3-BF4B-00C04F79EFBC}") = "RideAudit.Protos.Tests", "tests\RideAudit.Protos.Tests\RideAudit.Protos.Tests.csproj", "{63BAEA51-7262-4B5D-BEB6-4FAEFBC71E86}"
EndProject
Project("{FAE04EC0-301F-11D3-BF4B-00C04F79EFBC}") = "RideAudit.Seal.Tests", "tests\RideAudit.Seal.Tests\RideAudit.Seal.Tests.csproj", "{E126ADA7-119E-42D9-B805-598EBBADFAED}"
EndProject
Project("{FAE04EC0-301F-11D3-BF4B-00C04F79EFBC}") = "RideAudit.Chain.Tests", "tests\RideAudit.Chain.Tests\RideAudit.Chain.Tests.csproj", "{B33682B4-7A6C-45B1-95C8-BF26E7E11A63}"
EndProject
Project("{FAE04EC0-301F-11D3-BF4B-00C04F79EFBC}") = "RideAudit.Escrow.Tests", "tests\RideAudit.Escrow.Tests\RideAudit.Escrow.Tests.csproj", "{F4419D55-7EAC-40B9-B35C-9E1FF6B58EC3}"
EndProject
Project("{FAE04EC0-301F-11D3-BF4B-00C04F79EFBC}") = "RideAudit.Server.Admission.Tests", "tests\RideAudit.Server.Admission.Tests\RideAudit.Server.Admission.Tests.csproj", "{5284D145-45AF-48E4-8E35-EA5C558A02CD}"
EndProject
Project("{FAE04EC0-301F-11D3-BF4B-00C04F79EFBC}") = "RideAudit.Workflow.Tests", "tests\RideAudit.Workflow.Tests\RideAudit.Workflow.Tests.csproj", "{0E55CB49-02C7-44AC-B710-6A392E75C31F}"
EndProject
Global
	GlobalSection(SolutionConfigurationPlatforms) = preSolution
		Debug|Any CPU = Debug|Any CPU
		Debug|x64 = Debug|x64
		Debug|x86 = Debug|x86
		Release|Any CPU = Release|Any CPU
		Release|x64 = Release|x64
		Release|x86 = Release|x86
	EndGlobalSection
	GlobalSection(ProjectConfigurationPlatforms) = postSolution
		{80E2A55E-864D-49DC-AB7C-19D80F62A986}.Debug|Any CPU.ActiveCfg = Debug|Any CPU
		{80E2A55E-864D-49DC-AB7C-19D80F62A986}.Debug|Any CPU.Build.0 = Debug|Any CPU
		{80E2A55E-864D-49DC-AB7C-19D80F62A986}.Debug|x64.ActiveCfg = Debug|Any CPU
		{80E2A55E-864D-49DC-AB7C-19D80F62A986}.Debug|x64.Build.0 = Debug|Any CPU
		{80E2A55E-864D-49DC-AB7C-19D80F62A986}.Debug|x86.ActiveCfg = Debug|Any CPU
		{80E2A55E-864D-49DC-AB7C-19D80F62A986}.Debug|x86.Build.0 = Debug|Any CPU
		{80E2A55E-864D-49DC-AB7C-19D80F62A986}.Release|Any CPU.ActiveCfg = Release|Any CPU
		{80E2A55E-864D-49DC-AB7C-19D80F62A986}.Release|Any CPU.Build.0 = Release|Any CPU
		{80E2A55E-864D-49DC-AB7C-19D80F62A986}.Release|x64.ActiveCfg = Release|Any CPU
		{80E2A55E-864D-49DC-AB7C-19D80F62A986}.Release|x64.Build.0 = Release|Any CPU
		{80E2A55E-864D-49DC-AB7C-19D80F62A986}.Release|x86.ActiveCfg = Release|Any CPU
		{80E2A55E-864D-49DC-AB7C-19D80F62A986}.Release|x86.Build.0 = Release|Any CPU
		{92F8F807-ABC1-4E70-B101-A0227AB9301D}.Debug|Any CPU.ActiveCfg = Debug|Any CPU
		{92F8F807-ABC1-4E70-B101-A0227AB9301D}.Debug|Any CPU.Build.0 = Debug|Any CPU
		{92F8F807-ABC1-4E70-B101-A0227AB9301D}.Debug|x64.ActiveCfg = Debug|Any CPU
		{92F8F807-ABC1-4E70-B101-A0227AB9301D}.Debug|x64.Build.0 = Debug|Any CPU
		{92F8F807-ABC1-4E70-B101-A0227AB9301D}.Debug|x86.ActiveCfg = Debug|Any CPU
		{92F8F807-ABC1-4E70-B101-A0227AB9301D}.Debug|x86.Build.0 = Debug|Any CPU
		{92F8F807-ABC1-4E70-B101-A0227AB9301D}.Release|Any CPU.ActiveCfg = Release|Any CPU
		{92F8F807-ABC1-4E70-B101-A0227AB9301D}.Release|Any CPU.Build.0 = Release|Any CPU
		{92F8F807-ABC1-4E70-B101-A0227AB9301D}.Release|x64.ActiveCfg = Release|Any CPU
		{92F8F807-ABC1-4E70-B101-A0227AB9301D}.Release|x64.Build.0 = Release|Any CPU
		{92F8F807-ABC1-4E70-B101-A0227AB9301D}.Release|x86.ActiveCfg = Release|Any CPU
		{92F8F807-ABC1-4E70-B101-A0227AB9301D}.Release|x86.Build.0 = Release|Any CPU
		{9F1CF800-F410-45E9-92A4-75524CBEA92D}.Debug|Any CPU.ActiveCfg = Debug|Any CPU
		{9F1CF800-F410-45E9-92A4-75524CBEA92D}.Debug|Any CPU.Build.0 = Debug|Any CPU
		{9F1CF800-F410-45E9-92A4-75524CBEA92D}.Debug|x64.ActiveCfg = Debug|Any CPU
		{9F1CF800-F410-45E9-92A4-75524CBEA92D}.Debug|x64.Build.0 = Debug|Any CPU
		{9F1CF800-F410-45E9-92A4-75524CBEA92D}.Debug|x86.ActiveCfg = Debug|Any CPU
		{9F1CF800-F410-45E9-92A4-75524CBEA92D}.Debug|x86.Build.0 = Debug|Any CPU
		{9F1CF800-F410-45E9-92A4-75524CBEA92D}.Release|Any CPU.ActiveCfg = Release|Any CPU
		{9F1CF800-F410-45E9-92A4-75524CBEA92D}.Release|Any CPU.Build.0 = Release|Any CPU
		{9F1CF800-F410-45E9-92A4-75524CBEA92D}.Release|x64.ActiveCfg = Release|Any CPU
		{9F1CF800-F410-45E9-92A4-75524CBEA92D}.Release|x64.Build.0 = Release|Any CPU
		{9F1CF800-F410-45E9-92A4-75524CBEA92D}.Release|x86.ActiveCfg = Release|Any CPU
		{9F1CF800-F410-45E9-92A4-75524CBEA92D}.Release|x86.Build.0 = Release|Any CPU
		{09214A52-75A8-4349-BDE0-455406BCEC5C}.Debug|Any CPU.ActiveCfg = Debug|Any CPU
		{09214A52-75A8-4349-BDE0-455406BCEC5C}.Debug|Any CPU.Build.0 = Debug|Any CPU
		{09214A52-75A8-4349-BDE0-455406BCEC5C}.Debug|x64.ActiveCfg = Debug|Any CPU
		{09214A52-75A8-4349-BDE0-455406BCEC5C}.Debug|x64.Build.0 = Debug|Any CPU
		{09214A52-75A8-4349-BDE0-455406BCEC5C}.Debug|x86.ActiveCfg = Debug|Any CPU
		{09214A52-75A8-4349-BDE0-455406BCEC5C}.Debug|x86.Build.0 = Debug|Any CPU
		{09214A52-75A8-4349-BDE0-455406BCEC5C}.Release|Any CPU.ActiveCfg = Release|Any CPU
		{09214A52-75A8-4349-BDE0-455406BCEC5C}.Release|Any CPU.Build.0 = Release|Any CPU
		{09214A52-75A8-4349-BDE0-455406BCEC5C}.Release|x64.ActiveCfg = Release|Any CPU
		{09214A52-75A8-4349-BDE0-455406BCEC5C}.Release|x64.Build.0 = Release|Any CPU
		{09214A52-75A8-4349-BDE0-455406BCEC5C}.Release|x86.ActiveCfg = Release|Any CPU
		{09214A52-75A8-4349-BDE0-455406BCEC5C}.Release|x86.Build.0 = Release|Any CPU
		{9FBAACED-A9FC-4158-BE0D-F759345F443A}.Debug|Any CPU.ActiveCfg = Debug|Any CPU
		{9FBAACED-A9FC-4158-BE0D-F759345F443A}.Debug|Any CPU.Build.0 = Debug|Any CPU
		{9FBAACED-A9FC-4158-BE0D-F759345F443A}.Debug|x64.ActiveCfg = Debug|Any CPU
		{9FBAACED-A9FC-4158-BE0D-F759345F443A}.Debug|x64.Build.0 = Debug|Any CPU
		{9FBAACED-A9FC-4158-BE0D-F759345F443A}.Debug|x86.ActiveCfg = Debug|Any CPU
		{9FBAACED-A9FC-4158-BE0D-F759345F443A}.Debug|x86.Build.0 = Debug|Any CPU
		{9FBAACED-A9FC-4158-BE0D-F759345F443A}.Release|Any CPU.ActiveCfg = Release|Any CPU
		{9FBAACED-A9FC-4158-BE0D-F759345F443A}.Release|Any CPU.Build.0 = Release|Any CPU
		{9FBAACED-A9FC-4158-BE0D-F759345F443A}.Release|x64.ActiveCfg = Release|Any CPU
		{9FBAACED-A9FC-4158-BE0D-F759345F443A}.Release|x64.Build.0 = Release|Any CPU
		{9FBAACED-A9FC-4158-BE0D-F759345F443A}.Release|x86.ActiveCfg = Release|Any CPU
		{9FBAACED-A9FC-4158-BE0D-F759345F443A}.Release|x86.Build.0 = Release|Any CPU
		{3C3D161D-EF2C-4695-9BC4-15D634E79CF2}.Debug|Any CPU.ActiveCfg = Debug|Any CPU
		{3C3D161D-EF2C-4695-9BC4-15D634E79CF2}.Debug|Any CPU.Build.0 = Debug|Any CPU
		{3C3D161D-EF2C-4695-9BC4-15D634E79CF2}.Debug|x64.ActiveCfg = Debug|Any CPU
		{3C3D161D-EF2C-4695-9BC4-15D634E79CF2}.Debug|x64.Build.0 = Debug|Any CPU
		{3C3D161D-EF2C-4695-9BC4-15D634E79CF2}.Debug|x86.ActiveCfg = Debug|Any CPU
		{3C3D161D-EF2C-4695-9BC4-15D634E79CF2}.Debug|x86.Build.0 = Debug|Any CPU
		{3C3D161D-EF2C-4695-9BC4-15D634E79CF2}.Release|Any CPU.ActiveCfg = Release|Any CPU
		{3C3D161D-EF2C-4695-9BC4-15D634E79CF2}.Release|Any CPU.Build.0 = Release|Any CPU
		{3C3D161D-EF2C-4695-9BC4-15D634E79CF2}.Release|x64.ActiveCfg = Release|Any CPU
		{3C3D161D-EF2C-4695-9BC4-15D634E79CF2}.Release|x64.Build.0 = Release|Any CPU
		{3C3D161D-EF2C-4695-9BC4-15D634E79CF2}.Release|x86.ActiveCfg = Release|Any CPU
		{3C3D161D-EF2C-4695-9BC4-15D634E79CF2}.Release|x86.Build.0 = Release|Any CPU
		{3B8D8640-A526-4070-82CA-7C58F165EF46}.Debug|Any CPU.ActiveCfg = Debug|Any CPU
		{3B8D8640-A526-4070-82CA-7C58F165EF46}.Debug|Any CPU.Build.0 = Debug|Any CPU
		{3B8D8640-A526-4070-82CA-7C58F165EF46}.Debug|x64.ActiveCfg = Debug|Any CPU
		{3B8D8640-A526-4070-82CA-7C58F165EF46}.Debug|x64.Build.0 = Debug|Any CPU
		{3B8D8640-A526-4070-82CA-7C58F165EF46}.Debug|x86.ActiveCfg = Debug|Any CPU
		{3B8D8640-A526-4070-82CA-7C58F165EF46}.Debug|x86.Build.0 = Debug|Any CPU
		{3B8D8640-A526-4070-82CA-7C58F165EF46}.Release|Any CPU.ActiveCfg = Release|Any CPU
		{3B8D8640-A526-4070-82CA-7C58F165EF46}.Release|Any CPU.Build.0 = Release|Any CPU
		{3B8D8640-A526-4070-82CA-7C58F165EF46}.Release|x64.ActiveCfg = Release|Any CPU
		{3B8D8640-A526-4070-82CA-7C58F165EF46}.Release|x64.Build.0 = Release|Any CPU
		{3B8D8640-A526-4070-82CA-7C58F165EF46}.Release|x86.ActiveCfg = Release|Any CPU
		{3B8D8640-A526-4070-82CA-7C58F165EF46}.Release|x86.Build.0 = Release|Any CPU
		{48D522F2-209B-4DBE-BE8D-9B00ABCD74A2}.Debug|Any CPU.ActiveCfg = Debug|Any CPU
		{48D522F2-209B-4DBE-BE8D-9B00ABCD74A2}.Debug|Any CPU.Build.0 = Debug|Any CPU
		{48D522F2-209B-4DBE-BE8D-9B00ABCD74A2}.Debug|x64.ActiveCfg = Debug|Any CPU
		{48D522F2-209B-4DBE-BE8D-9B00ABCD74A2}.Debug|x64.Build.0 = Debug|Any CPU
		{48D522F2-209B-4DBE-BE8D-9B00ABCD74A2}.Debug|x86.ActiveCfg = Debug|Any CPU
		{48D522F2-209B-4DBE-BE8D-9B00ABCD74A2}.Debug|x86.Build.0 = Debug|Any CPU
		{48D522F2-209B-4DBE-BE8D-9B00ABCD74A2}.Release|Any CPU.ActiveCfg = Release|Any CPU
		{48D522F2-209B-4DBE-BE8D-9B00ABCD74A2}.Release|Any CPU.Build.0 = Release|Any CPU
		{48D522F2-209B-4DBE-BE8D-9B00ABCD74A2}.Release|x64.ActiveCfg = Release|Any CPU
		{48D522F2-209B-4DBE-BE8D-9B00ABCD74A2}.Release|x64.Build.0 = Release|Any CPU
		{48D522F2-209B-4DBE-BE8D-9B00ABCD74A2}.Release|x86.ActiveCfg = Release|Any CPU
		{48D522F2-209B-4DBE-BE8D-9B00ABCD74A2}.Release|x86.Build.0 = Release|Any CPU
		{DBFAF4E2-8B41-4122-AE5E-EAD790AE30F6}.Debug|Any CPU.ActiveCfg = Debug|Any CPU
		{DBFAF4E2-8B41-4122-AE5E-EAD790AE30F6}.Debug|Any CPU.Build.0 = Debug|Any CPU
		{DBFAF4E2-8B41-4122-AE5E-EAD790AE30F6}.Debug|x64.ActiveCfg = Debug|Any CPU
		{DBFAF4E2-8B41-4122-AE5E-EAD790AE30F6}.Debug|x64.Build.0 = Debug|Any CPU
		{DBFAF4E2-8B41-4122-AE5E-EAD790AE30F6}.Debug|x86.ActiveCfg = Debug|Any CPU
		{DBFAF4E2-8B41-4122-AE5E-EAD790AE30F6}.Debug|x86.Build.0 = Debug|Any CPU
		{DBFAF4E2-8B41-4122-AE5E-EAD790AE30F6}.Release|Any CPU.ActiveCfg = Release|Any CPU
		{DBFAF4E2-8B41-4122-AE5E-EAD790AE30F6}.Release|Any CPU.Build.0 = Release|Any CPU
		{DBFAF4E2-8B41-4122-AE5E-EAD790AE30F6}.Release|x64.ActiveCfg = Release|Any CPU
		{DBFAF4E2-8B41-4122-AE5E-EAD790AE30F6}.Release|x64.Build.0 = Release|Any CPU
		{DBFAF4E2-8B41-4122-AE5E-EAD790AE30F6}.Release|x86.ActiveCfg = Release|Any CPU
		{DBFAF4E2-8B41-4122-AE5E-EAD790AE30F6}.Release|x86.Build.0 = Release|Any CPU
		{E5EAF896-B479-42BA-AE06-9C3224FB017A}.Debug|Any CPU.ActiveCfg = Debug|Any CPU
		{E5EAF896-B479-42BA-AE06-9C3224FB017A}.Debug|Any CPU.Build.0 = Debug|Any CPU
		{E5EAF896-B479-42BA-AE06-9C3224FB017A}.Debug|x64.ActiveCfg = Debug|Any CPU
		{E5EAF896-B479-42BA-AE06-9C3224FB017A}.Debug|x64.Build.0 = Debug|Any CPU
		{E5EAF896-B479-42BA-AE06-9C3224FB017A}.Debug|x86.ActiveCfg = Debug|Any CPU
		{E5EAF896-B479-42BA-AE06-9C3224FB017A}.Debug|x86.Build.0 = Debug|Any CPU
		{E5EAF896-B479-42BA-AE06-9C3224FB017A}.Release|Any CPU.ActiveCfg = Release|Any CPU
		{E5EAF896-B479-42BA-AE06-9C3224FB017A}.Release|Any CPU.Build.0 = Release|Any CPU
		{E5EAF896-B479-42BA-AE06-9C3224FB017A}.Release|x64.ActiveCfg = Release|Any CPU
		{E5EAF896-B479-42BA-AE06-9C3224FB017A}.Release|x64.Build.0 = Release|Any CPU
		{E5EAF896-B479-42BA-AE06-9C3224FB017A}.Release|x86.ActiveCfg = Release|Any CPU
		{E5EAF896-B479-42BA-AE06-9C3224FB017A}.Release|x86.Build.0 = Release|Any CPU
		{44E343D8-FBA5-4CC8-8EAA-6829722C94D9}.Debug|Any CPU.ActiveCfg = Debug|Any CPU
		{44E343D8-FBA5-4CC8-8EAA-6829722C94D9}.Debug|Any CPU.Build.0 = Debug|Any CPU
		{44E343D8-FBA5-4CC8-8EAA-6829722C94D9}.Debug|x64.ActiveCfg = Debug|Any CPU
		{44E343D8-FBA5-4CC8-8EAA-6829722C94D9}.Debug|x64.Build.0 = Debug|Any CPU
		{44E343D8-FBA5-4CC8-8EAA-6829722C94D9}.Debug|x86.ActiveCfg = Debug|Any CPU
		{44E343D8-FBA5-4CC8-8EAA-6829722C94D9}.Debug|x86.Build.0 = Debug|Any CPU
		{44E343D8-FBA5-4CC8-8EAA-6829722C94D9}.Release|Any CPU.ActiveCfg = Release|Any CPU
		{44E343D8-FBA5-4CC8-8EAA-6829722C94D9}.Release|Any CPU.Build.0 = Release|Any CPU
		{44E343D8-FBA5-4CC8-8EAA-6829722C94D9}.Release|x64.ActiveCfg = Release|Any CPU
		{44E343D8-FBA5-4CC8-8EAA-6829722C94D9}.Release|x64.Build.0 = Release|Any CPU
		{44E343D8-FBA5-4CC8-8EAA-6829722C94D9}.Release|x86.ActiveCfg = Release|Any CPU
		{44E343D8-FBA5-4CC8-8EAA-6829722C94D9}.Release|x86.Build.0 = Release|Any CPU
		{20936D05-FEAA-4699-8E70-3C7C4DCD9702}.Debug|Any CPU.ActiveCfg = Debug|Any CPU
		{20936D05-FEAA-4699-8E70-3C7C4DCD9702}.Debug|Any CPU.Build.0 = Debug|Any CPU
		{20936D05-FEAA-4699-8E70-3C7C4DCD9702}.Debug|x64.ActiveCfg = Debug|Any CPU
		{20936D05-FEAA-4699-8E70-3C7C4DCD9702}.Debug|x64.Build.0 = Debug|Any CPU
		{20936D05-FEAA-4699-8E70-3C7C4DCD9702}.Debug|x86.ActiveCfg = Debug|Any CPU
		{20936D05-FEAA-4699-8E70-3C7C4DCD9702}.Debug|x86.Build.0 = Debug|Any CPU
		{20936D05-FEAA-4699-8E70-3C7C4DCD9702}.Release|Any CPU.ActiveCfg = Release|Any CPU
		{20936D05-FEAA-4699-8E70-3C7C4DCD9702}.Release|Any CPU.Build.0 = Release|Any CPU
		{20936D05-FEAA-4699-8E70-3C7C4DCD9702}.Release|x64.ActiveCfg = Release|Any CPU
		{20936D05-FEAA-4699-8E70-3C7C4DCD9702}.Release|x64.Build.0 = Release|Any CPU
		{20936D05-FEAA-4699-8E70-3C7C4DCD9702}.Release|x86.ActiveCfg = Release|Any CPU
		{20936D05-FEAA-4699-8E70-3C7C4DCD9702}.Release|x86.Build.0 = Release|Any CPU
		{8731BBAE-E58B-4C9C-89E2-90EABAFB09FE}.Debug|Any CPU.ActiveCfg = Debug|Any CPU
		{8731BBAE-E58B-4C9C-89E2-90EABAFB09FE}.Debug|Any CPU.Build.0 = Debug|Any CPU
		{8731BBAE-E58B-4C9C-89E2-90EABAFB09FE}.Debug|x64.ActiveCfg = Debug|Any CPU
		{8731BBAE-E58B-4C9C-89E2-90EABAFB09FE}.Debug|x64.Build.0 = Debug|Any CPU
		{8731BBAE-E58B-4C9C-89E2-90EABAFB09FE}.Debug|x86.ActiveCfg = Debug|Any CPU
		{8731BBAE-E58B-4C9C-89E2-90EABAFB09FE}.Debug|x86.Build.0 = Debug|Any CPU
		{8731BBAE-E58B-4C9C-89E2-90EABAFB09FE}.Release|Any CPU.ActiveCfg = Release|Any CPU
		{8731BBAE-E58B-4C9C-89E2-90EABAFB09FE}.Release|Any CPU.Build.0 = Release|Any CPU
		{8731BBAE-E58B-4C9C-89E2-90EABAFB09FE}.Release|x64.ActiveCfg = Release|Any CPU
		{8731BBAE-E58B-4C9C-89E2-90EABAFB09FE}.Release|x64.Build.0 = Release|Any CPU
		{8731BBAE-E58B-4C9C-89E2-90EABAFB09FE}.Release|x86.ActiveCfg = Release|Any CPU
		{8731BBAE-E58B-4C9C-89E2-90EABAFB09FE}.Release|x86.Build.0 = Release|Any CPU
		{62C36440-6CEE-4B51-86DA-17A18BA848EA}.Debug|Any CPU.ActiveCfg = Debug|Any CPU
		{62C36440-6CEE-4B51-86DA-17A18BA848EA}.Debug|Any CPU.Build.0 = Debug|Any CPU
		{62C36440-6CEE-4B51-86DA-17A18BA848EA}.Debug|x64.ActiveCfg = Debug|Any CPU
		{62C36440-6CEE-4B51-86DA-17A18BA848EA}.Debug|x64.Build.0 = Debug|Any CPU
		{62C36440-6CEE-4B51-86DA-17A18BA848EA}.Debug|x86.ActiveCfg = Debug|Any CPU
		{62C36440-6CEE-4B51-86DA-17A18BA848EA}.Debug|x86.Build.0 = Debug|Any CPU
		{62C36440-6CEE-4B51-86DA-17A18BA848EA}.Release|Any CPU.ActiveCfg = Release|Any CPU
		{62C36440-6CEE-4B51-86DA-17A18BA848EA}.Release|Any CPU.Build.0 = Release|Any CPU
		{62C36440-6CEE-4B51-86DA-17A18BA848EA}.Release|x64.ActiveCfg = Release|Any CPU
		{62C36440-6CEE-4B51-86DA-17A18BA848EA}.Release|x64.Build.0 = Release|Any CPU
		{62C36440-6CEE-4B51-86DA-17A18BA848EA}.Release|x86.ActiveCfg = Release|Any CPU
		{62C36440-6CEE-4B51-86DA-17A18BA848EA}.Release|x86.Build.0 = Release|Any CPU
		{26076238-45EE-484A-844A-2ECB973FCBE4}.Debug|Any CPU.ActiveCfg = Debug|Any CPU
		{26076238-45EE-484A-844A-2ECB973FCBE4}.Debug|Any CPU.Build.0 = Debug|Any CPU
		{26076238-45EE-484A-844A-2ECB973FCBE4}.Debug|x64.ActiveCfg = Debug|Any CPU
		{26076238-45EE-484A-844A-2ECB973FCBE4}.Debug|x64.Build.0 = Debug|Any CPU
		{26076238-45EE-484A-844A-2ECB973FCBE4}.Debug|x86.ActiveCfg = Debug|Any CPU
		{26076238-45EE-484A-844A-2ECB973FCBE4}.Debug|x86.Build.0 = Debug|Any CPU
		{26076238-45EE-484A-844A-2ECB973FCBE4}.Release|Any CPU.ActiveCfg = Release|Any CPU
		{26076238-45EE-484A-844A-2ECB973FCBE4}.Release|Any CPU.Build.0 = Release|Any CPU
		{26076238-45EE-484A-844A-2ECB973FCBE4}.Release|x64.ActiveCfg = Release|Any CPU
		{26076238-45EE-484A-844A-2ECB973FCBE4}.Release|x64.Build.0 = Release|Any CPU
		{26076238-45EE-484A-844A-2ECB973FCBE4}.Release|x86.ActiveCfg = Release|Any CPU
		{26076238-45EE-484A-844A-2ECB973FCBE4}.Release|x86.Build.0 = Release|Any CPU
		{358F69EC-F17C-4765-8F38-E69E109F16E5}.Debug|Any CPU.ActiveCfg = Debug|Any CPU
		{358F69EC-F17C-4765-8F38-E69E109F16E5}.Debug|Any CPU.Build.0 = Debug|Any CPU
		{358F69EC-F17C-4765-8F38-E69E109F16E5}.Debug|x64.ActiveCfg = Debug|Any CPU
		{358F69EC-F17C-4765-8F38-E69E109F16E5}.Debug|x64.Build.0 = Debug|Any CPU
		{358F69EC-F17C-4765-8F38-E69E109F16E5}.Debug|x86.ActiveCfg = Debug|Any CPU
		{358F69EC-F17C-4765-8F38-E69E109F16E5}.Debug|x86.Build.0 = Debug|Any CPU
		{358F69EC-F17C-4765-8F38-E69E109F16E5}.Release|Any CPU.ActiveCfg = Release|Any CPU
		{358F69EC-F17C-4765-8F38-E69E109F16E5}.Release|Any CPU.Build.0 = Release|Any CPU
		{358F69EC-F17C-4765-8F38-E69E109F16E5}.Release|x64.ActiveCfg = Release|Any CPU
		{358F69EC-F17C-4765-8F38-E69E109F16E5}.Release|x64.Build.0 = Release|Any CPU
		{358F69EC-F17C-4765-8F38-E69E109F16E5}.Release|x86.ActiveCfg = Release|Any CPU
		{358F69EC-F17C-4765-8F38-E69E109F16E5}.Release|x86.Build.0 = Release|Any CPU
		{63BAEA51-7262-4B5D-BEB6-4FAEFBC71E86}.Debug|Any CPU.ActiveCfg = Debug|Any CPU
		{63BAEA51-7262-4B5D-BEB6-4FAEFBC71E86}.Debug|Any CPU.Build.0 = Debug|Any CPU
		{63BAEA51-7262-4B5D-BEB6-4FAEFBC71E86}.Debug|x64.ActiveCfg = Debug|Any CPU
		{63BAEA51-7262-4B5D-BEB6-4FAEFBC71E86}.Debug|x64.Build.0 = Debug|Any CPU
		{63BAEA51-7262-4B5D-BEB6-4FAEFBC71E86}.Debug|x86.ActiveCfg = Debug|Any CPU
		{63BAEA51-7262-4B5D-BEB6-4FAEFBC71E86}.Debug|x86.Build.0 = Debug|Any CPU
		{63BAEA51-7262-4B5D-BEB6-4FAEFBC71E86}.Release|Any CPU.ActiveCfg = Release|Any CPU
		{63BAEA51-7262-4B5D-BEB6-4FAEFBC71E86}.Release|Any CPU.Build.0 = Release|Any CPU
		{63BAEA51-7262-4B5D-BEB6-4FAEFBC71E86}.Release|x64.ActiveCfg = Release|Any CPU
		{63BAEA51-7262-4B5D-BEB6-4FAEFBC71E86}.Release|x64.Build.0 = Release|Any CPU
		{63BAEA51-7262-4B5D-BEB6-4FAEFBC71E86}.Release|x86.ActiveCfg = Release|Any CPU
		{63BAEA51-7262-4B5D-BEB6-4FAEFBC71E86}.Release|x86.Build.0 = Release|Any CPU
		{E126ADA7-119E-42D9-B805-598EBBADFAED}.Debug|Any CPU.ActiveCfg = Debug|Any CPU
		{E126ADA7-119E-42D9-B805-598EBBADFAED}.Debug|Any CPU.Build.0 = Debug|Any CPU
		{E126ADA7-119E-42D9-B805-598EBBADFAED}.Debug|x64.ActiveCfg = Debug|Any CPU
		{E126ADA7-119E-42D9-B805-598EBBADFAED}.Debug|x64.Build.0 = Debug|Any CPU
		{E126ADA7-119E-42D9-B805-598EBBADFAED}.Debug|x86.ActiveCfg = Debug|Any CPU
		{E126ADA7-119E-42D9-B805-598EBBADFAED}.Debug|x86.Build.0 = Debug|Any CPU
		{E126ADA7-119E-42D9-B805-598EBBADFAED}.Release|Any CPU.ActiveCfg = Release|Any CPU
		{E126ADA7-119E-42D9-B805-598EBBADFAED}.Release|Any CPU.Build.0 = Release|Any CPU
		{E126ADA7-119E-42D9-B805-598EBBADFAED}.Release|x64.ActiveCfg = Release|Any CPU
		{E126ADA7-119E-42D9-B805-598EBBADFAED}.Release|x64.Build.0 = Release|Any CPU
		{E126ADA7-119E-42D9-B805-598EBBADFAED}.Release|x86.ActiveCfg = Release|Any CPU
		{E126ADA7-119E-42D9-B805-598EBBADFAED}.Release|x86.Build.0 = Release|Any CPU
		{B33682B4-7A6C-45B1-95C8-BF26E7E11A63}.Debug|Any CPU.ActiveCfg = Debug|Any CPU
		{B33682B4-7A6C-45B1-95C8-BF26E7E11A63}.Debug|Any CPU.Build.0 = Debug|Any CPU
		{B33682B4-7A6C-45B1-95C8-BF26E7E11A63}.Debug|x64.ActiveCfg = Debug|Any CPU
		{B33682B4-7A6C-45B1-95C8-BF26E7E11A63}.Debug|x64.Build.0 = Debug|Any CPU
		{B33682B4-7A6C-45B1-95C8-BF26E7E11A63}.Debug|x86.ActiveCfg = Debug|Any CPU
		{B33682B4-7A6C-45B1-95C8-BF26E7E11A63}.Debug|x86.Build.0 = Debug|Any CPU
		{B33682B4-7A6C-45B1-95C8-BF26E7E11A63}.Release|Any CPU.ActiveCfg = Release|Any CPU
		{B33682B4-7A6C-45B1-95C8-BF26E7E11A63}.Release|Any CPU.Build.0 = Release|Any CPU
		{B33682B4-7A6C-45B1-95C8-BF26E7E11A63}.Release|x64.ActiveCfg = Release|Any CPU
		{B33682B4-7A6C-45B1-95C8-BF26E7E11A63}.Release|x64.Build.0 = Release|Any CPU
		{B33682B4-7A6C-45B1-95C8-BF26E7E11A63}.Release|x86.ActiveCfg = Release|Any CPU
		{B33682B4-7A6C-45B1-95C8-BF26E7E11A63}.Release|x86.Build.0 = Release|Any CPU
		{F4419D55-7EAC-40B9-B35C-9E1FF6B58EC3}.Debug|Any CPU.ActiveCfg = Debug|Any CPU
		{F4419D55-7EAC-40B9-B35C-9E1FF6B58EC3}.Debug|Any CPU.Build.0 = Debug|Any CPU
		{F4419D55-7EAC-40B9-B35C-9E1FF6B58EC3}.Debug|x64.ActiveCfg = Debug|Any CPU
		{F4419D55-7EAC-40B9-B35C-9E1FF6B58EC3}.Debug|x64.Build.0 = Debug|Any CPU
		{F4419D55-7EAC-40B9-B35C-9E1FF6B58EC3}.Debug|x86.ActiveCfg = Debug|Any CPU
		{F4419D55-7EAC-40B9-B35C-9E1FF6B58EC3}.Debug|x86.Build.0 = Debug|Any CPU
		{F4419D55-7EAC-40B9-B35C-9E1FF6B58EC3}.Release|Any CPU.ActiveCfg = Release|Any CPU
		{F4419D55-7EAC-40B9-B35C-9E1FF6B58EC3}.Release|Any CPU.Build.0 = Release|Any CPU
		{F4419D55-7EAC-40B9-B35C-9E1FF6B58EC3}.Release|x64.ActiveCfg = Release|Any CPU
		{F4419D55-7EAC-40B9-B35C-9E1FF6B58EC3}.Release|x64.Build.0 = Release|Any CPU
		{F4419D55-7EAC-40B9-B35C-9E1FF6B58EC3}.Release|x86.ActiveCfg = Release|Any CPU
		{F4419D55-7EAC-40B9-B35C-9E1FF6B58EC3}.Release|x86.Build.0 = Release|Any CPU
		{5284D145-45AF-48E4-8E35-EA5C558A02CD}.Debug|Any CPU.ActiveCfg = Debug|Any CPU
		{5284D145-45AF-48E4-8E35-EA5C558A02CD}.Debug|Any CPU.Build.0 = Debug|Any CPU
		{5284D145-45AF-48E4-8E35-EA5C558A02CD}.Debug|x64.ActiveCfg = Debug|Any CPU
		{5284D145-45AF-48E4-8E35-EA5C558A02CD}.Debug|x64.Build.0 = Debug|Any CPU
		{5284D145-45AF-48E4-8E35-EA5C558A02CD}.Debug|x86.ActiveCfg = Debug|Any CPU
		{5284D145-45AF-48E4-8E35-EA5C558A02CD}.Debug|x86.Build.0 = Debug|Any CPU
		{5284D145-45AF-48E4-8E35-EA5C558A02CD}.Release|Any CPU.ActiveCfg = Release|Any CPU
		{5284D145-45AF-48E4-8E35-EA5C558A02CD}.Release|Any CPU.Build.0 = Release|Any CPU
		{5284D145-45AF-48E4-8E35-EA5C558A02CD}.Release|x64.ActiveCfg = Release|Any CPU
		{5284D145-45AF-48E4-8E35-EA5C558A02CD}.Release|x64.Build.0 = Release|Any CPU
		{5284D145-45AF-48E4-8E35-EA5C558A02CD}.Release|x86.ActiveCfg = Release|Any CPU
		{5284D145-45AF-48E4-8E35-EA5C558A02CD}.Release|x86.Build.0 = Release|Any CPU
		{0E55CB49-02C7-44AC-B710-6A392E75C31F}.Debug|Any CPU.ActiveCfg = Debug|Any CPU
		{0E55CB49-02C7-44AC-B710-6A392E75C31F}.Debug|Any CPU.Build.0 = Debug|Any CPU
		{0E55CB49-02C7-44AC-B710-6A392E75C31F}.Debug|x64.ActiveCfg = Debug|Any CPU
		{0E55CB49-02C7-44AC-B710-6A392E75C31F}.Debug|x64.Build.0 = Debug|Any CPU
		{0E55CB49-02C7-44AC-B710-6A392E75C31F}.Debug|x86.ActiveCfg = Debug|Any CPU
		{0E55CB49-02C7-44AC-B710-6A392E75C31F}.Debug|x86.Build.0 = Debug|Any CPU
		{0E55CB49-02C7-44AC-B710-6A392E75C31F}.Release|Any CPU.ActiveCfg = Release|Any CPU
		{0E55CB49-02C7-44AC-B710-6A392E75C31F}.Release|Any CPU.Build.0 = Release|Any CPU
		{0E55CB49-02C7-44AC-B710-6A392E75C31F}.Release|x64.ActiveCfg = Release|Any CPU
		{0E55CB49-02C7-44AC-B710-6A392E75C31F}.Release|x64.Build.0 = Release|Any CPU
		{0E55CB49-02C7-44AC-B710-6A392E75C31F}.Release|x86.ActiveCfg = Release|Any CPU
		{0E55CB49-02C7-44AC-B710-6A392E75C31F}.Release|x86.Build.0 = Release|Any CPU
	EndGlobalSection
	GlobalSection(SolutionProperties) = preSolution
		HideSolutionNode = FALSE
	EndGlobalSection
	GlobalSection(NestedProjects) = preSolution
		{80E2A55E-864D-49DC-AB7C-19D80F62A986} = {827E0CD3-B72D-47B6-A68D-7590B98EB39B}
		{92F8F807-ABC1-4E70-B101-A0227AB9301D} = {827E0CD3-B72D-47B6-A68D-7590B98EB39B}
		{9F1CF800-F410-45E9-92A4-75524CBEA92D} = {827E0CD3-B72D-47B6-A68D-7590B98EB39B}
		{09214A52-75A8-4349-BDE0-455406BCEC5C} = {827E0CD3-B72D-47B6-A68D-7590B98EB39B}
		{9FBAACED-A9FC-4158-BE0D-F759345F443A} = {827E0CD3-B72D-47B6-A68D-7590B98EB39B}
		{3C3D161D-EF2C-4695-9BC4-15D634E79CF2} = {827E0CD3-B72D-47B6-A68D-7590B98EB39B}
		{3B8D8640-A526-4070-82CA-7C58F165EF46} = {827E0CD3-B72D-47B6-A68D-7590B98EB39B}
		{48D522F2-209B-4DBE-BE8D-9B00ABCD74A2} = {827E0CD3-B72D-47B6-A68D-7590B98EB39B}
		{DBFAF4E2-8B41-4122-AE5E-EAD790AE30F6} = {827E0CD3-B72D-47B6-A68D-7590B98EB39B}
		{E5EAF896-B479-42BA-AE06-9C3224FB017A} = {827E0CD3-B72D-47B6-A68D-7590B98EB39B}
		{44E343D8-FBA5-4CC8-8EAA-6829722C94D9} = {827E0CD3-B72D-47B6-A68D-7590B98EB39B}
		{20936D05-FEAA-4699-8E70-3C7C4DCD9702} = {827E0CD3-B72D-47B6-A68D-7590B98EB39B}
		{8731BBAE-E58B-4C9C-89E2-90EABAFB09FE} = {827E0CD3-B72D-47B6-A68D-7590B98EB39B}
		{62C36440-6CEE-4B51-86DA-17A18BA848EA} = {827E0CD3-B72D-47B6-A68D-7590B98EB39B}
		{26076238-45EE-484A-844A-2ECB973FCBE4} = {827E0CD3-B72D-47B6-A68D-7590B98EB39B}
		{358F69EC-F17C-4765-8F38-E69E109F16E5} = {0AB3BF05-4346-4AA6-1389-037BE0695223}
		{63BAEA51-7262-4B5D-BEB6-4FAEFBC71E86} = {0AB3BF05-4346-4AA6-1389-037BE0695223}
		{E126ADA7-119E-42D9-B805-598EBBADFAED} = {0AB3BF05-4346-4AA6-1389-037BE0695223}
		{B33682B4-7A6C-45B1-95C8-BF26E7E11A63} = {0AB3BF05-4346-4AA6-1389-037BE0695223}
		{F4419D55-7EAC-40B9-B35C-9E1FF6B58EC3} = {0AB3BF05-4346-4AA6-1389-037BE0695223}
		{5284D145-45AF-48E4-8E35-EA5C558A02CD} = {0AB3BF05-4346-4AA6-1389-037BE0695223}
		{0E55CB49-02C7-44AC-B710-6A392E75C31F} = {0AB3BF05-4346-4AA6-1389-037BE0695223}
	EndGlobalSection
EndGlobal
